
Microsoft Visual Studio Solution File, Format Version 12.00
# Visual Studio Version 17
VisualStudioVersion = 17.5.33516.290
MinimumVisualStudioVersion = 10.0.40219.1
Project("{FAE04EC0-301F-11D3-BF4B-00C04F79EFBC}") = "BugraHomework2", "BugraHomework2\BugraHomework2.csproj", "{3901189F-24A2-4B02-AABF-A6FFA2148A57}"
EndProject
Global
	GlobalSection(SolutionConfigurationPlatforms) = preSolution
		Debug|Any CPU = Debug|Any CPU
		Release|Any CPU = Release|Any CPU
	EndGlobalSection
	GlobalSection(ProjectConfigurationPlatforms) = postSolution
		{3901189F-24A2-4B02-AABF-A6FFA2148A57}.Debug|Any CPU.ActiveCfg = Debug|Any CPU
		{3901189F-24A2-4B02-AABF-A6FFA2148A57}.Debug|Any CPU.Build.0 = Debug|Any CPU
		{3901189F-24A2-4B02-AABF-A6FFA2148A57}.Release|Any CPU.ActiveCfg = Release|Any CPU
		{3901189F-24A2-4B02-AABF-A6FFA2148A57}.Release|Any CPU.Build.0 = Release|Any CPU
	EndGlobalSection
	GlobalSection(SolutionProperties) = preSolution
		HideSolutionNode = FALSE
	EndGlobalSection
	GlobalSection(ExtensibilityGlobals) = postSolution
		SolutionGuid = {B5BCD2FE-A76A-491B-9B4D-9175BAACB664}
	EndGlobalSection
EndGlobal
